{
  "name": "awesome-linux-gui",
  "version": "1.0.0",
  "lockfileVersion": 3,
  "requires": true,
  "packages": {
    "": {
      "name": "awesome-linux-gui",
      "version": "1.0.0",
      "devDependencies": {
        "idoc": "github:com3dian/idoc"
      }
    },
    "node_modules/idoc": {
      "resolved": "git+ssh://git@github.com/com3dian/idoc.git#647044e7bf3c6de200bf6f7a32aa616af4055f97",
      "dev": true,
      "license": "MIT",
      "workspaces": [
        "packages/core",
        "examples/default",
        "examples/document",
        "examples/theme"
      ],
      "engines": {
        "node": ">=16.0.0"
      }
    }
  }
}
